
Microsoft Visual Studio Solution File, Format Version 12.00
# Visual Studio Version 16
VisualStudioVersion = 16.0.30907.101
MinimumVisualStudioVersion = 10.0.40219.1
Project("{FAE04EC0-301F-11D3-BF4B-00C04F79EFBC}") = "HotelListing", "HotelListing\HotelListing.csproj", "{238709FC-7E7B-41ED-A150-229BEE01C45D}"
EndProject
Global
	GlobalSection(SolutionConfigurationPlatforms) = preSolution
		Debug|Any CPU = Debug|Any CPU
		Release|Any CPU = Release|Any CPU
	EndGlobalSection
	GlobalSection(ProjectConfigurationPlatforms) = postSolution
		{238709FC-7E7B-41ED-A150-229BEE01C45D}.Debug|Any CPU.ActiveCfg = Debug|Any CPU
		{238709FC-7E7B-41ED-A150-229BEE01C45D}.Debug|Any CPU.Build.0 = Debug|Any CPU
		{238709FC-7E7B-41ED-A150-229BEE01C45D}.Release|Any CPU.ActiveCfg = Release|Any CPU
		{238709FC-7E7B-41ED-A150-229BEE01C45D}.Release|Any CPU.Build.0 = Release|Any CPU
	EndGlobalSection
	GlobalSection(SolutionProperties) = preSolution
		HideSolutionNode = FALSE
	EndGlobalSection
	GlobalSection(ExtensibilityGlobals) = postSolution
		SolutionGuid = {3F8BB173-D868-46A1-84DC-6DC007EF85B0}
	EndGlobalSection
EndGlobal
